
Microsoft Visual Studio Solution File, Format Version 12.00
# Visual Studio Version 17
VisualStudioVersion = 17.0.31903.59
MinimumVisualStudioVersion = 10.0.40219.1
Project("{D954291E-2A0B-460D-934E-DC6B0785DB48}") = "Test_Uno_App.Shared", "Test_Uno_App\Test_Uno_App.Shared\Test_Uno_App.Shared.shproj", "{6279C845-92F8-4333-AB99-3D213163593C}"
EndProject
Project("{2150E333-8FDC-42A3-9474-1A3956D46DE8}") = "Platforms", "Platforms", "{48486E39-A3FE-4FB5-A5D3-0ABB18BC4687}"
EndProject
Project("{FAE04EC0-301F-11D3-BF4B-00C04F79EFBC}") = "Test_Uno_App.Mobile", "Test_Uno_App\Test_Uno_App.Mobile\Test_Uno_App.Mobile.csproj", "{4535A2EB-0D22-4F0D-9552-2F8D7BC164B1}"
EndProject
Project("{FAE04EC0-301F-11D3-BF4B-00C04F79EFBC}") = "Test_Uno_App.UWP", "Test_Uno_App\Test_Uno_App.UWP\Test_Uno_App.UWP.csproj", "{A69F67AF-F882-4212-BBC4-23F1D1C7182C}"
EndProject
Project("{FAE04EC0-301F-11D3-BF4B-00C04F79EFBC}") = "Test_Uno_App.Wasm", "Test_Uno_App\Test_Uno_App.Wasm\Test_Uno_App.Wasm.csproj", "{7BEEF46B-E6B1-4B9C-AD2B-955E1EB1EB34}"
EndProject
Project("{FAE04EC0-301F-11D3-BF4B-00C04F79EFBC}") = "Test_Uno_App.Skia.Wpf.Host", "Test_Uno_App\Test_Uno_App.Skia.Wpf.Host\Test_Uno_App.Skia.Wpf.Host.csproj", "{29AC0217-A4A4-4458-82B3-4E767A291C38}"
EndProject
Project("{FAE04EC0-301F-11D3-BF4B-00C04F79EFBC}") = "Test_Uno_App.Skia.Wpf", "Test_Uno_App\Test_Uno_App.Skia.Wpf\Test_Uno_App.Skia.Wpf.csproj", "{5CB627AA-4CE7-4B03-8B9D-C7BB7E390729}"
EndProject
Project("{FAE04EC0-301F-11D3-BF4B-00C04F79EFBC}") = "Test_Uno_App.Skia.Gtk", "Test_Uno_App\Test_Uno_App.Skia.Gtk\Test_Uno_App.Skia.Gtk.csproj", "{BA6BDDFC-BF79-42C1-89D0-C431F460AF7A}"
EndProject
Global
	GlobalSection(SharedMSBuildProjectFiles) = preSolution
		Test_Uno_App\Test_Uno_App.Shared\Test_Uno_App.Shared.projitems*{4535a2eb-0d22-4f0d-9552-2f8d7bc164b1}*SharedItemsImports = 5
		Test_Uno_App\Test_Uno_App.Shared\Test_Uno_App.Shared.projitems*{5cb627aa-4ce7-4b03-8b9d-c7bb7e390729}*SharedItemsImports = 5
		Test_Uno_App\Test_Uno_App.Shared\Test_Uno_App.Shared.projitems*{6279c845-92f8-4333-ab99-3d213163593c}*SharedItemsImports = 13
		Test_Uno_App\Test_Uno_App.Shared\Test_Uno_App.Shared.projitems*{7beef46b-e6b1-4b9c-ad2b-955e1eb1eb34}*SharedItemsImports = 5
		Test_Uno_App\Test_Uno_App.Shared\Test_Uno_App.Shared.projitems*{a69f67af-f882-4212-bbc4-23f1d1c7182c}*SharedItemsImports = 4
		Test_Uno_App\Test_Uno_App.Shared\Test_Uno_App.Shared.projitems*{ba6bddfc-bf79-42c1-89d0-c431f460af7a}*SharedItemsImports = 5
	EndGlobalSection
	GlobalSection(SolutionConfigurationPlatforms) = preSolution
		Debug|Any CPU = Debug|Any CPU
		Debug|ARM = Debug|ARM
		Debug|ARM64 = Debug|ARM64
		Debug|x64 = Debug|x64
		Debug|x86 = Debug|x86
		Release|Any CPU = Release|Any CPU
		Release|ARM = Release|ARM
		Release|ARM64 = Release|ARM64
		Release|x64 = Release|x64
		Release|x86 = Release|x86
	EndGlobalSection
	GlobalSection(ProjectConfigurationPlatforms) = postSolution
		{4535A2EB-0D22-4F0D-9552-2F8D7BC164B1}.Debug|Any CPU.ActiveCfg = Debug|Any CPU
		{4535A2EB-0D22-4F0D-9552-2F8D7BC164B1}.Debug|Any CPU.Build.0 = Debug|Any CPU
		{4535A2EB-0D22-4F0D-9552-2F8D7BC164B1}.Debug|Any CPU.Deploy.0 = Debug|Any CPU
		{4535A2EB-0D22-4F0D-9552-2F8D7BC164B1}.Debug|ARM.ActiveCfg = Debug|Any CPU
		{4535A2EB-0D22-4F0D-9552-2F8D7BC164B1}.Debug|ARM.Build.0 = Debug|Any CPU
		{4535A2EB-0D22-4F0D-9552-2F8D7BC164B1}.Debug|ARM.Deploy.0 = Debug|Any CPU
		{4535A2EB-0D22-4F0D-9552-2F8D7BC164B1}.Debug|ARM64.ActiveCfg = Debug|Any CPU
		{4535A2EB-0D22-4F0D-9552-2F8D7BC164B1}.Debug|ARM64.Build.0 = Debug|Any CPU
		{4535A2EB-0D22-4F0D-9552-2F8D7BC164B1}.Debug|ARM64.Deploy.0 = Debug|Any CPU
		{4535A2EB-0D22-4F0D-9552-2F8D7BC164B1}.Debug|x64.ActiveCfg = Debug|Any CPU
		{4535A2EB-0D22-4F0D-9552-2F8D7BC164B1}.Debug|x64.Build.0 = Debug|Any CPU
		{4535A2EB-0D22-4F0D-9552-2F8D7BC164B1}.Debug|x64.Deploy.0 = Debug|Any CPU
		{4535A2EB-0D22-4F0D-9552-2F8D7BC164B1}.Debug|x86.ActiveCfg = Debug|Any CPU
		{4535A2EB-0D22-4F0D-9552-2F8D7BC164B1}.Debug|x86.Build.0 = Debug|Any CPU
		{4535A2EB-0D22-4F0D-9552-2F8D7BC164B1}.Debug|x86.Deploy.0 = Debug|Any CPU
		{4535A2EB-0D22-4F0D-9552-2F8D7BC164B1}.Release|Any CPU.ActiveCfg = Release|Any CPU
		{4535A2EB-0D22-4F0D-9552-2F8D7BC164B1}.Release|Any CPU.Build.0 = Release|Any CPU
		{4535A2EB-0D22-4F0D-9552-2F8D7BC164B1}.Release|Any CPU.Deploy.0 = Release|Any CPU
		{4535A2EB-0D22-4F0D-9552-2F8D7BC164B1}.Release|ARM.ActiveCfg = Release|Any CPU
		{4535A2EB-0D22-4F0D-9552-2F8D7BC164B1}.Release|ARM.Build.0 = Release|Any CPU
		{4535A2EB-0D22-4F0D-9552-2F8D7BC164B1}.Release|ARM.Deploy.0 = Release|Any CPU
		{4535A2EB-0D22-4F0D-9552-2F8D7BC164B1}.Release|ARM64.ActiveCfg = Release|Any CPU
		{4535A2EB-0D22-4F0D-9552-2F8D7BC164B1}.Release|ARM64.Build.0 = Release|Any CPU
		{4535A2EB-0D22-4F0D-9552-2F8D7BC164B1}.Release|ARM64.Deploy.0 = Release|Any CPU
		{4535A2EB-0D22-4F0D-9552-2F8D7BC164B1}.Release|x64.ActiveCfg = Release|Any CPU
		{4535A2EB-0D22-4F0D-9552-2F8D7BC164B1}.Release|x64.Build.0 = Release|Any CPU
		{4535A2EB-0D22-4F0D-9552-2F8D7BC164B1}.Release|x64.Deploy.0 = Release|Any CPU
		{4535A2EB-0D22-4F0D-9552-2F8D7BC164B1}.Release|x86.ActiveCfg = Release|Any CPU
		{4535A2EB-0D22-4F0D-9552-2F8D7BC164B1}.Release|x86.Build.0 = Release|Any CPU
		{4535A2EB-0D22-4F0D-9552-2F8D7BC164B1}.Release|x86.Deploy.0 = Release|Any CPU
		{A69F67AF-F882-4212-BBC4-23F1D1C7182C}.Debug|Any CPU.ActiveCfg = Debug|x64
		{A69F67AF-F882-4212-BBC4-23F1D1C7182C}.Debug|Any CPU.Build.0 = Debug|x64
		{A69F67AF-F882-4212-BBC4-23F1D1C7182C}.Debug|Any CPU.Deploy.0 = Debug|x64
		{A69F67AF-F882-4212-BBC4-23F1D1C7182C}.Debug|ARM.ActiveCfg = Debug|ARM
		{A69F67AF-F882-4212-BBC4-23F1D1C7182C}.Debug|ARM.Build.0 = Debug|ARM
		{A69F67AF-F882-4212-BBC4-23F1D1C7182C}.Debug|ARM.Deploy.0 = Debug|ARM
		{A69F67AF-F882-4212-BBC4-23F1D1C7182C}.Debug|ARM64.ActiveCfg = Debug|ARM64
		{A69F67AF-F882-4212-BBC4-23F1D1C7182C}.Debug|ARM64.Build.0 = Debug|ARM64
		{A69F67AF-F882-4212-BBC4-23F1D1C7182C}.Debug|ARM64.Deploy.0 = Debug|ARM64
		{A69F67AF-F882-4212-BBC4-23F1D1C7182C}.Debug|x64.ActiveCfg = Debug|x64
		{A69F67AF-F882-4212-BBC4-23F1D1C7182C}.Debug|x64.Build.0 = Debug|x64
		{A69F67AF-F882-4212-BBC4-23F1D1C7182C}.Debug|x64.Deploy.0 = Debug|x64
		{A69F67AF-F882-4212-BBC4-23F1D1C7182C}.Debug|x86.ActiveCfg = Debug|x86
		{A69F67AF-F882-4212-BBC4-23F1D1C7182C}.Debug|x86.Build.0 = Debug|x86
		{A69F67AF-F882-4212-BBC4-23F1D1C7182C}.Debug|x86.Deploy.0 = Debug|x86
		{A69F67AF-F882-4212-BBC4-23F1D1C7182C}.Release|Any CPU.ActiveCfg = Release|x64
		{A69F67AF-F882-4212-BBC4-23F1D1C7182C}.Release|Any CPU.Build.0 = Release|x64
		{A69F67AF-F882-4212-BBC4-23F1D1C7182C}.Release|Any CPU.Deploy.0 = Release|x64
		{A69F67AF-F882-4212-BBC4-23F1D1C7182C}.Release|ARM.ActiveCfg = Release|ARM
		{A69F67AF-F882-4212-BBC4-23F1D1C7182C}.Release|ARM.Build.0 = Release|ARM
		{A69F67AF-F882-4212-BBC4-23F1D1C7182C}.Release|ARM.Deploy.0 = Release|ARM
		{A69F67AF-F882-4212-BBC4-23F1D1C7182C}.Release|ARM64.ActiveCfg = Release|ARM64
		{A69F67AF-F882-4212-BBC4-23F1D1C7182C}.Release|ARM64.Build.0 = Release|ARM64
		{A69F67AF-F882-4212-BBC4-23F1D1C7182C}.Release|ARM64.Deploy.0 = Release|ARM64
		{A69F67AF-F882-4212-BBC4-23F1D1C7182C}.Release|x64.ActiveCfg = Release|x64
		{A69F67AF-F882-4212-BBC4-23F1D1C7182C}.Release|x64.Build.0 = Release|x64
		{A69F67AF-F882-4212-BBC4-23F1D1C7182C}.Release|x64.Deploy.0 = Release|x64
		{A69F67AF-F882-4212-BBC4-23F1D1C7182C}.Release|x86.ActiveCfg = Release|x86
		{A69F67AF-F882-4212-BBC4-23F1D1C7182C}.Release|x86.Build.0 = Release|x86
		{A69F67AF-F882-4212-BBC4-23F1D1C7182C}.Release|x86.Deploy.0 = Release|x86
		{7BEEF46B-E6B1-4B9C-AD2B-955E1EB1EB34}.Debug|Any CPU.ActiveCfg = Debug|Any CPU
		{7BEEF46B-E6B1-4B9C-AD2B-955E1EB1EB34}.Debug|Any CPU.Build.0 = Debug|Any CPU
		{7BEEF46B-E6B1-4B9C-AD2B-955E1EB1EB34}.Debug|ARM.ActiveCfg = Debug|Any CPU
		{7BEEF46B-E6B1-4B9C-AD2B-955E1EB1EB34}.Debug|ARM.Build.0 = Debug|Any CPU
		{7BEEF46B-E6B1-4B9C-AD2B-955E1EB1EB34}.Debug|ARM64.ActiveCfg = Debug|Any CPU
		{7BEEF46B-E6B1-4B9C-AD2B-955E1EB1EB34}.Debug|ARM64.Build.0 = Debug|Any CPU
		{7BEEF46B-E6B1-4B9C-AD2B-955E1EB1EB34}.Debug|x64.ActiveCfg = Debug|Any CPU
		{7BEEF46B-E6B1-4B9C-AD2B-955E1EB1EB34}.Debug|x64.Build.0 = Debug|Any CPU
		{7BEEF46B-E6B1-4B9C-AD2B-955E1EB1EB34}.Debug|x86.ActiveCfg = Debug|Any CPU
		{7BEEF46B-E6B1-4B9C-AD2B-955E1EB1EB34}.Debug|x86.Build.0 = Debug|Any CPU
		{7BEEF46B-E6B1-4B9C-AD2B-955E1EB1EB34}.Release|Any CPU.ActiveCfg = Release|Any CPU
		{7BEEF46B-E6B1-4B9C-AD2B-955E1EB1EB34}.Release|Any CPU.Build.0 = Release|Any CPU
		{7BEEF46B-E6B1-4B9C-AD2B-955E1EB1EB34}.Release|ARM.ActiveCfg = Release|Any CPU
		{7BEEF46B-E6B1-4B9C-AD2B-955E1EB1EB34}.Release|ARM.Build.0 = Release|Any CPU
		{7BEEF46B-E6B1-4B9C-AD2B-955E1EB1EB34}.Release|ARM64.ActiveCfg = Release|Any CPU
		{7BEEF46B-E6B1-4B9C-AD2B-955E1EB1EB34}.Release|ARM64.Build.0 = Release|Any CPU
		{7BEEF46B-E6B1-4B9C-AD2B-955E1EB1EB34}.Release|x64.ActiveCfg = Release|Any CPU
		{7BEEF46B-E6B1-4B9C-AD2B-955E1EB1EB34}.Release|x64.Build.0 = Release|Any CPU
		{7BEEF46B-E6B1-4B9C-AD2B-955E1EB1EB34}.Release|x86.ActiveCfg = Release|Any CPU
		{7BEEF46B-E6B1-4B9C-AD2B-955E1EB1EB34}.Release|x86.Build.0 = Release|Any CPU
		{29AC0217-A4A4-4458-82B3-4E767A291C38}.Debug|Any CPU.ActiveCfg = Debug|Any CPU
		{29AC0217-A4A4-4458-82B3-4E767A291C38}.Debug|Any CPU.Build.0 = Debug|Any CPU
		{29AC0217-A4A4-4458-82B3-4E767A291C38}.Debug|ARM.ActiveCfg = Debug|Any CPU
		{29AC0217-A4A4-4458-82B3-4E767A291C38}.Debug|ARM.Build.0 = Debug|Any CPU
		{29AC0217-A4A4-4458-82B3-4E767A291C38}.Debug|ARM64.ActiveCfg = Debug|Any CPU
		{29AC0217-A4A4-4458-82B3-4E767A291C38}.Debug|ARM64.Build.0 = Debug|Any CPU
		{29AC0217-A4A4-4458-82B3-4E767A291C38}.Debug|x64.ActiveCfg = Debug|Any CPU
		{29AC0217-A4A4-4458-82B3-4E767A291C38}.Debug|x64.Build.0 = Debug|Any CPU
		{29AC0217-A4A4-4458-82B3-4E767A291C38}.Debug|x86.ActiveCfg = Debug|Any CPU
		{29AC0217-A4A4-4458-82B3-4E767A291C38}.Debug|x86.Build.0 = Debug|Any CPU
		{29AC0217-A4A4-4458-82B3-4E767A291C38}.Release|Any CPU.ActiveCfg = Release|Any CPU
		{29AC0217-A4A4-4458-82B3-4E767A291C38}.Release|Any CPU.Build.0 = Release|Any CPU
		{29AC0217-A4A4-4458-82B3-4E767A291C38}.Release|ARM.ActiveCfg = Release|Any CPU
		{29AC0217-A4A4-4458-82B3-4E767A291C38}.Release|ARM.Build.0 = Release|Any CPU
		{29AC0217-A4A4-4458-82B3-4E767A291C38}.Release|ARM64.ActiveCfg = Release|Any CPU
		{29AC0217-A4A4-4458-82B3-4E767A291C38}.Release|ARM64.Build.0 = Release|Any CPU
		{29AC0217-A4A4-4458-82B3-4E767A291C38}.Release|x64.ActiveCfg = Release|Any CPU
		{29AC0217-A4A4-4458-82B3-4E767A291C38}.Release|x64.Build.0 = Release|Any CPU
		{29AC0217-A4A4-4458-82B3-4E767A291C38}.Release|x86.ActiveCfg = Release|Any CPU
		{29AC0217-A4A4-4458-82B3-4E767A291C38}.Release|x86.Build.0 = Release|Any CPU
		{5CB627AA-4CE7-4B03-8B9D-C7BB7E390729}.Debug|Any CPU.ActiveCfg = Debug|Any CPU
		{5CB627AA-4CE7-4B03-8B9D-C7BB7E390729}.Debug|Any CPU.Build.0 = Debug|Any CPU
		{5CB627AA-4CE7-4B03-8B9D-C7BB7E390729}.Debug|ARM.ActiveCfg = Debug|Any CPU
		{5CB627AA-4CE7-4B03-8B9D-C7BB7E390729}.Debug|ARM.Build.0 = Debug|Any CPU
		{5CB627AA-4CE7-4B03-8B9D-C7BB7E390729}.Debug|ARM64.ActiveCfg = Debug|Any CPU
		{5CB627AA-4CE7-4B03-8B9D-C7BB7E390729}.Debug|ARM64.Build.0 = Debug|Any CPU
		{5CB627AA-4CE7-4B03-8B9D-C7BB7E390729}.Debug|x64.ActiveCfg = Debug|Any CPU
		{5CB627AA-4CE7-4B03-8B9D-C7BB7E390729}.Debug|x64.Build.0 = Debug|Any CPU
		{5CB627AA-4CE7-4B03-8B9D-C7BB7E390729}.Debug|x86.ActiveCfg = Debug|Any CPU
		{5CB627AA-4CE7-4B03-8B9D-C7BB7E390729}.Debug|x86.Build.0 = Debug|Any CPU
		{5CB627AA-4CE7-4B03-8B9D-C7BB7E390729}.Release|Any CPU.ActiveCfg = Release|Any CPU
		{5CB627AA-4CE7-4B03-8B9D-C7BB7E390729}.Release|Any CPU.Build.0 = Release|Any CPU
		{5CB627AA-4CE7-4B03-8B9D-C7BB7E390729}.Release|ARM.ActiveCfg = Release|Any CPU
		{5CB627AA-4CE7-4B03-8B9D-C7BB7E390729}.Release|ARM.Build.0 = Release|Any CPU
		{5CB627AA-4CE7-4B03-8B9D-C7BB7E390729}.Release|ARM64.ActiveCfg = Release|Any CPU
		{5CB627AA-4CE7-4B03-8B9D-C7BB7E390729}.Release|ARM64.Build.0 = Release|Any CPU
		{5CB627AA-4CE7-4B03-8B9D-C7BB7E390729}.Release|x64.ActiveCfg = Release|Any CPU
		{5CB627AA-4CE7-4B03-8B9D-C7BB7E390729}.Release|x64.Build.0 = Release|Any CPU
		{5CB627AA-4CE7-4B03-8B9D-C7BB7E390729}.Release|x86.ActiveCfg = Release|Any CPU
		{5CB627AA-4CE7-4B03-8B9D-C7BB7E390729}.Release|x86.Build.0 = Release|Any CPU
		{BA6BDDFC-BF79-42C1-89D0-C431F460AF7A}.Debug|Any CPU.ActiveCfg = Debug|Any CPU
		{BA6BDDFC-BF79-42C1-89D0-C431F460AF7A}.Debug|Any CPU.Build.0 = Debug|Any CPU
		{BA6BDDFC-BF79-42C1-89D0-C431F460AF7A}.Debug|ARM.ActiveCfg = Debug|Any CPU
		{BA6BDDFC-BF79-42C1-89D0-C431F460AF7A}.Debug|ARM.Build.0 = Debug|Any CPU
		{BA6BDDFC-BF79-42C1-89D0-C431F460AF7A}.Debug|ARM64.ActiveCfg = Debug|Any CPU
		{BA6BDDFC-BF79-42C1-89D0-C431F460AF7A}.Debug|ARM64.Build.0 = Debug|Any CPU
		{BA6BDDFC-BF79-42C1-89D0-C431F460AF7A}.Debug|x64.ActiveCfg = Debug|Any CPU
		{BA6BDDFC-BF79-42C1-89D0-C431F460AF7A}.Debug|x64.Build.0 = Debug|Any CPU
		{BA6BDDFC-BF79-42C1-89D0-C431F460AF7A}.Debug|x86.ActiveCfg = Debug|Any CPU
		{BA6BDDFC-BF79-42C1-89D0-C431F460AF7A}.Debug|x86.Build.0 = Debug|Any CPU
		{BA6BDDFC-BF79-42C1-89D0-C431F460AF7A}.Release|Any CPU.ActiveCfg = Release|Any CPU
		{BA6BDDFC-BF79-42C1-89D0-C431F460AF7A}.Release|Any CPU.Build.0 = Release|Any CPU
		{BA6BDDFC-BF79-42C1-89D0-C431F460AF7A}.Release|ARM.ActiveCfg = Release|Any CPU
		{BA6BDDFC-BF79-42C1-89D0-C431F460AF7A}.Release|ARM.Build.0 = Release|Any CPU
		{BA6BDDFC-BF79-42C1-89D0-C431F460AF7A}.Release|ARM64.ActiveCfg = Release|Any CPU
		{BA6BDDFC-BF79-42C1-89D0-C431F460AF7A}.Release|ARM64.Build.0 = Release|Any CPU
		{BA6BDDFC-BF79-42C1-89D0-C431F460AF7A}.Release|x64.ActiveCfg = Release|Any CPU
		{BA6BDDFC-BF79-42C1-89D0-C431F460AF7A}.Release|x64.Build.0 = Release|Any CPU
		{BA6BDDFC-BF79-42C1-89D0-C431F460AF7A}.Release|x86.ActiveCfg = Release|Any CPU
		{BA6BDDFC-BF79-42C1-89D0-C431F460AF7A}.Release|x86.Build.0 = Release|Any CPU
	EndGlobalSection
	GlobalSection(SolutionProperties) = preSolution
		HideSolutionNode = FALSE
	EndGlobalSection
	GlobalSection(NestedProjects) = preSolution
		{4535A2EB-0D22-4F0D-9552-2F8D7BC164B1} = {48486E39-A3FE-4FB5-A5D3-0ABB18BC4687}
		{A69F67AF-F882-4212-BBC4-23F1D1C7182C} = {48486E39-A3FE-4FB5-A5D3-0ABB18BC4687}
		{7BEEF46B-E6B1-4B9C-AD2B-955E1EB1EB34} = {48486E39-A3FE-4FB5-A5D3-0ABB18BC4687}
		{29AC0217-A4A4-4458-82B3-4E767A291C38} = {48486E39-A3FE-4FB5-A5D3-0ABB18BC4687}
		{5CB627AA-4CE7-4B03-8B9D-C7BB7E390729} = {48486E39-A3FE-4FB5-A5D3-0ABB18BC4687}
		{BA6BDDFC-BF79-42C1-89D0-C431F460AF7A} = {48486E39-A3FE-4FB5-A5D3-0ABB18BC4687}
	EndGlobalSection
	GlobalSection(ExtensibilityGlobals) = postSolution
		SolutionGuid = {75F1DFD0-0947-4456-8566-CEE8B7E01F5A}
	EndGlobalSection
EndGlobal
